// !$*UTF8*$!
{
	archiveVersion = 1;
	classes = {
	};
	objectVersion = 77;
	objects = {

/* Begin PBXBuildFile section */
		10C5183AB7ADB61F260D8031 /* CoreImage.framework in Frameworks */ = {isa = PBXBuildFile; fileRef = 085D59256C4DAA9CDEBB4573 /* CoreImage.framework */; };
		BB00000000000000000022 /* CabinetTopShelf.appex in Embed Foundation Extensions */ = {isa = PBXBuildFile; fileRef = BB00000000000000000021 /* CabinetTopShelf.appex */; settings = {ATTRIBUTES = (RemoveHeadersOnCopy, ); }; };
		BB0000000000000000004B /* CabinetLink.swift in Sources */ = {isa = PBXBuildFile; fileRef = BB0000000000000000004A /* CabinetLink.swift */; };
		BB00000000000000000059 /* CabinetWidget.appex in Embed Foundation Extensions */ = {isa = PBXBuildFile; fileRef = BB00000000000000000050 /* CabinetWidget.appex */; settings = {ATTRIBUTES = (RemoveHeadersOnCopy, ); }; };
		BB0000000000000000005B /* WidgetSnapshot.swift in Sources */ = {isa = PBXBuildFile; fileRef = BB0000000000000000005A /* WidgetSnapshot.swift */; };
		BB0000000000000000005C /* CabinetLink.swift in Sources */ = {isa = PBXBuildFile; fileRef = BB0000000000000000004A /* CabinetLink.swift */; };
		BB0000000000000000005E /* DownloadActivity.swift in Sources */ = {isa = PBXBuildFile; fileRef = BB0000000000000000005D /* DownloadActivity.swift */; };
		F50297785940689BEBC3D8A3 /* Foundation.framework in Frameworks */ = {isa = PBXBuildFile; fileRef = E4B2AC95B1AB0E374EB9378B /* Foundation.framework */; };
/* End PBXBuildFile section */

/* Begin PBXContainerItemProxy section */
		BB00000000000000000027 /* PBXContainerItemProxy */ = {
			isa = PBXContainerItemProxy;
			containerPortal = BB00000000000000000001 /* Project object */;
			proxyType = 1;
			remoteGlobalIDString = BB00000000000000000020;
			remoteInfo = CabinetTopShelf;
		};
		BB00000000000000000056 /* PBXContainerItemProxy */ = {
			isa = PBXContainerItemProxy;
			containerPortal = BB00000000000000000001 /* Project object */;
			proxyType = 1;
			remoteGlobalIDString = BB00000000000000000052;
			remoteInfo = CabinetWidget;
		};
/* End PBXContainerItemProxy section */

/* Begin PBXCopyFilesBuildPhase section */
		BB00000000000000000026 /* Embed Foundation Extensions */ = {
			isa = PBXCopyFilesBuildPhase;
			buildActionMask = 2147483647;
			dstPath = "";
			dstSubfolderSpec = 13;
			files = (
				BB00000000000000000022 /* CabinetTopShelf.appex in Embed Foundation Extensions */,
			);
			name = "Embed Foundation Extensions";
			runOnlyForDeploymentPostprocessing = 0;
		};
		BB00000000000000000058 /* Embed Foundation Extensions */ = {
			isa = PBXCopyFilesBuildPhase;
			buildActionMask = 2147483647;
			dstPath = "";
			dstSubfolderSpec = 13;
			files = (
				BB00000000000000000059 /* CabinetWidget.appex in Embed Foundation Extensions */,
			);
			name = "Embed Foundation Extensions";
			runOnlyForDeploymentPostprocessing = 0;
		};
/* End PBXCopyFilesBuildPhase section */

/* Begin PBXFileReference section */
		085D59256C4DAA9CDEBB4573 /* CoreImage.framework */ = {isa = PBXFileReference; lastKnownFileType = wrapper.framework; name = CoreImage.framework; path = System/Library/Frameworks/CoreImage.framework; sourceTree = SDKROOT; };
		22568825F8A2B0F5F517C40C /* Cabinet TV.app */ = {isa = PBXFileReference; explicitFileType = wrapper.application; includeInIndex = 0; path = "Cabinet TV.app"; sourceTree = BUILT_PRODUCTS_DIR; };
		BB00000000000000000021 /* CabinetTopShelf.appex */ = {isa = PBXFileReference; explicitFileType = "wrapper.app-extension"; includeInIndex = 0; path = CabinetTopShelf.appex; sourceTree = BUILT_PRODUCTS_DIR; };
		BB0000000000000000004A /* CabinetLink.swift */ = {isa = PBXFileReference; lastKnownFileType = sourcecode.swift; name = CabinetLink.swift; path = RommApp/UI/CabinetLink.swift; sourceTree = "<group>"; };
		BB00000000000000000050 /* CabinetWidget.appex */ = {isa = PBXFileReference; explicitFileType = "wrapper.app-extension"; includeInIndex = 0; path = CabinetWidget.appex; sourceTree = BUILT_PRODUCTS_DIR; };
		BB0000000000000000005A /* WidgetSnapshot.swift */ = {isa = PBXFileReference; lastKnownFileType = sourcecode.swift; name = WidgetSnapshot.swift; path = RommApp/UI/WidgetSnapshot.swift; sourceTree = "<group>"; };
		BB0000000000000000005D /* DownloadActivity.swift */ = {isa = PBXFileReference; lastKnownFileType = sourcecode.swift; name = DownloadActivity.swift; path = RommApp/UI/DownloadActivity.swift; sourceTree = "<group>"; };
		E4B2AC95B1AB0E374EB9378B /* Foundation.framework */ = {isa = PBXFileReference; lastKnownFileType = wrapper.framework; name = Foundation.framework; path = Platforms/AppleTVOS.platform/Developer/SDKs/AppleTVOS26.0.sdk/System/Library/Frameworks/Foundation.framework; sourceTree = DEVELOPER_DIR; };
/* End PBXFileReference section */

/* Begin PBXFileSystemSynchronizedBuildFileExceptionSet section */
		513F6A9773DFE2CED6ED0E91 /* Exceptions for "RommApp" folder in "RommAppTV" target */ = {
			isa = PBXFileSystemSynchronizedBuildFileExceptionSet;
			membershipExceptions = (
				Controls/TouchControlPad.swift,
				Native/BeetleNGP/libbeetle_ngp_ios.a,
				Native/BeetlePCEFast/libbeetle_pce_fast_ios.a,
				Native/BeetleVB/libbeetle_vb_ios.a,
				Native/FBNeo/libfbneo_libretro_ios.a,
				Native/FCEUmm/libfceumm_ios.a,
				Native/Flycast/libflycast_ios.a,
				Native/Gambatte/libgambatte_ios.a,
				Native/GenesisPlusGX/libgenesis_plus_gx_ios.a,
				Native/GW/GWCore.mm,
				Native/GW/libgw_ios.a,
				Native/MAME2003Plus/libmame2003_plus_ios.a,
				Native/MelonDS/libmelonds_ios.a,
				Native/MGBA/libmgba_ios.a,
				Native/Mupen64Plus/libmupen64plus_ios.a,
				Native/NativePlayerView.swift,
				Native/Opera/libopera_ios.a,
				Native/PCSXReARMed/libpcsx_rearmed_ios.a,
				Native/PicoDrive/libpicodrive_ios.a,
				Native/PPSSPP/libppsspp_ios.a,
				Native/ProSystem/libprosystem_ios.a,
				Native/Saturn/libbeetle_saturn_ios.a,
				Native/Snes9x/libsnes9x_ios.a,
				Native/Stella2014/libstella2014_ios.a,
				Native/Vecx/libvecx_ios.a,
				Native/VeMUlator/libvemulator_ios.a,
				Native/VeMUlator/VeMUlatorCore.mm,
				Native/VMUPlayerView.swift,
				Player/GameLaunchView.swift,
				Player/PlayerView.swift,
				Player/RomExporter.swift,
				PrivacyInfo.xcprivacy,
				RommApp.swift,
				Settings/EmulatorCacheBridge.swift,
				Settings/StorageView.swift,
				UI/DebugView.swift,
				UI/LocalAddressView.swift,
				UI/NativeCoresView.swift,
				UI/OrientationLock.swift,
				UI/SettingsView.swift,
			);
			target = FB4792A61D4A9C6E7864DCEB /* RommAppTV */;
		};
		BB00000000000000000018 /* Exceptions for "RommApp" folder in "LayoutEditor" target */ = {
			isa = PBXFileSystemSynchronizedBuildFileExceptionSet;
			membershipExceptions = (
				Controls/ControlLayout.swift,
				Controls/ControllerBindings.swift,
				Controls/ControlTheme.swift,
				Controls/TouchControlPad.swift,
				"Resources/ControlLayouts/arcade-gun-spinner1p1.json",
				"Resources/ControlLayouts/arcade-gun-trackball2.json",
				"Resources/ControlLayouts/arcade-gun1.json",
				"Resources/ControlLayouts/arcade-gun2.json",
				"Resources/ControlLayouts/arcade-gun3.json",
				"Resources/ControlLayouts/arcade-gun6.json",
				"Resources/ControlLayouts/arcade-pedal0p1.json",
				"Resources/ControlLayouts/arcade-pedal1p1.json",
				"Resources/ControlLayouts/arcade-pedal2p1.json",
				"Resources/ControlLayouts/arcade-pedal3p1.json",
				"Resources/ControlLayouts/arcade-pedal4p1.json",
				"Resources/ControlLayouts/arcade-pedal5p1.json",
				"Resources/ControlLayouts/arcade-pedal6p1.json",
				"Resources/ControlLayouts/arcade-rotary1.json",
				"Resources/ControlLayouts/arcade-rotary2.json",
				"Resources/ControlLayouts/arcade-rotary3.json",
				"Resources/ControlLayouts/arcade-spinner0.json",
				"Resources/ControlLayouts/arcade-spinner0j.json",
				"Resources/ControlLayouts/arcade-spinner0p1.json",
				"Resources/ControlLayouts/arcade-spinner0p1j.json",
				"Resources/ControlLayouts/arcade-spinner1.json",
				"Resources/ControlLayouts/arcade-spinner1j.json",
				"Resources/ControlLayouts/arcade-spinner1p1.json",
				"Resources/ControlLayouts/arcade-spinner1p2.json",
				"Resources/ControlLayouts/arcade-spinner2.json",
				"Resources/ControlLayouts/arcade-spinner2j.json",
				"Resources/ControlLayouts/arcade-spinner2p1.json",
				"Resources/ControlLayouts/arcade-spinner2p2.json",
				"Resources/ControlLayouts/arcade-spinner3.json",
				"Resources/ControlLayouts/arcade-spinner3j.json",
				"Resources/ControlLayouts/arcade-spinner3p1j.json",
				"Resources/ControlLayouts/arcade-spinner4.json",
				"Resources/ControlLayouts/arcade-spinner4j.json",
				"Resources/ControlLayouts/arcade-spinner4p1.json",
				"Resources/ControlLayouts/arcade-spinner5.json",
				"Resources/ControlLayouts/arcade-spinner5p1.json",
				"Resources/ControlLayouts/arcade-spinner6.json",
				"Resources/ControlLayouts/arcade-spinner6j.json",
				"Resources/ControlLayouts/arcade-spinner6p1.json",
				"Resources/ControlLayouts/arcade-spinner6p1j.json",
				"Resources/ControlLayouts/arcade-stick0.json",
				"Resources/ControlLayouts/arcade-stick1.json",
				"Resources/ControlLayouts/arcade-stick2.json",
				"Resources/ControlLayouts/arcade-stick3.json",
				"Resources/ControlLayouts/arcade-stick4.json",
				"Resources/ControlLayouts/arcade-stick5.json",
				"Resources/ControlLayouts/arcade-stick6.json",
				"Resources/ControlLayouts/arcade-trackball-spinner4.json",
				"Resources/ControlLayouts/arcade-trackball0.json",
				"Resources/ControlLayouts/arcade-trackball1.json",
				"Resources/ControlLayouts/arcade-trackball2.json",
				"Resources/ControlLayouts/arcade-trackball3.json",
				"Resources/ControlLayouts/arcade-trackball5.json",
				"Resources/ControlLayouts/arcade-trackball6.json",
				"Resources/ControlLayouts/arcade-twin0.json",
				"Resources/ControlLayouts/arcade-twin1.json",
				"Resources/ControlLayouts/arcade-twin2.json",
				"Resources/ControlLayouts/arcade-twin4.json",
				"Resources/ControlLayouts/arcade-twin6.json",
				Resources/ControlLayouts/atari2600.json,
				Resources/ControlLayouts/atari7800.json,
				Resources/ControlLayouts/default.json,
				Resources/ControlLayouts/dreamcast.json,
				Resources/ControlLayouts/gamegear.json,
				Resources/ControlLayouts/gb.json,
				Resources/ControlLayouts/gba.json,
				Resources/ControlLayouts/genesis.json,
				Resources/ControlLayouts/genesis6.json,
				Resources/ControlLayouts/gw.json,
				Resources/ControlLayouts/lynx.json,
				Resources/ControlLayouts/n64.json,
				Resources/ControlLayouts/nds.json,
				Resources/ControlLayouts/nes.json,
				Resources/ControlLayouts/ngpc.json,
				Resources/ControlLayouts/pce.json,
				Resources/ControlLayouts/pce6.json,
				Resources/ControlLayouts/psp.json,
				Resources/ControlLayouts/psx.json,
				Resources/ControlLayouts/saturn.json,
				Resources/ControlLayouts/sms.json,
				Resources/ControlLayouts/snes.json,
				Resources/ControlLayouts/threedo.json,
				Resources/ControlLayouts/vectrex.json,
				Resources/ControlLayouts/virtualboy.json,
				Resources/ControlLayouts/wonderswan.json,
			);
			target = BB00000000000000000010 /* LayoutEditor */;
		};
		BB00000000000000000024 /* Exceptions for "RommAppTopShelf" folder in "RommAppTV" target */ = {
			isa = PBXFileSystemSynchronizedBuildFileExceptionSet;
			membershipExceptions = (
				ContentProvider.swift,
				Info.plist,
			);
			target = FB4792A61D4A9C6E7864DCEB /* RommAppTV */;
		};
		BB00000000000000000025 /* Exceptions for "RommAppTopShelf" folder in "CabinetTopShelf" target */ = {
			isa = PBXFileSystemSynchronizedBuildFileExceptionSet;
			membershipExceptions = (
				Info.plist,
			);
			target = BB00000000000000000020 /* CabinetTopShelf */;
		};
		BB00000000000000000060 /* Exceptions for "RommAppWidget" folder in "CabinetWidget" target */ = {
			isa = PBXFileSystemSynchronizedBuildFileExceptionSet;
			membershipExceptions = (
				Info.plist,
			);
			target = BB00000000000000000052 /* CabinetWidget */;
		};
		C6626E28D50263B9632B46B6 /* Exceptions for "RommAppTV" folder in "RommAppTV" target */ = {
			isa = PBXFileSystemSynchronizedBuildFileExceptionSet;
			membershipExceptions = (
				Info.plist,
			);
			target = FB4792A61D4A9C6E7864DCEB /* RommAppTV */;
		};
/* End PBXFileSystemSynchronizedBuildFileExceptionSet section */

/* Begin PBXFileSystemSynchronizedRootGroup section */
		BB0000000000000000000F /* RommApp */ = {
			isa = PBXFileSystemSynchronizedRootGroup;
			exceptions = (
				BB00000000000000000018 /* Exceptions for "RommApp" folder in "LayoutEditor" target */,
				513F6A9773DFE2CED6ED0E91 /* Exceptions for "RommApp" folder in "RommAppTV" target */,
			);
			explicitFolders = (
				Resources/PPSSPP,
			);
			path = RommApp;
			sourceTree = "<group>";
		};
		BB00000000000000000017 /* LayoutEditor */ = {
			isa = PBXFileSystemSynchronizedRootGroup;
			path = LayoutEditor;
			sourceTree = "<group>";
		};
		BB00000000000000000023 /* RommAppTopShelf */ = {
			isa = PBXFileSystemSynchronizedRootGroup;
			exceptions = (
				BB00000000000000000024 /* Exceptions for "RommAppTopShelf" folder in "RommAppTV" target */,
				BB00000000000000000025 /* Exceptions for "RommAppTopShelf" folder in "CabinetTopShelf" target */,
			);
			path = RommAppTopShelf;
			sourceTree = "<group>";
		};
		BB00000000000000000051 /* RommAppWidget */ = {
			isa = PBXFileSystemSynchronizedRootGroup;
			exceptions = (
				BB00000000000000000060 /* Exceptions for "RommAppWidget" folder in "CabinetWidget" target */,
			);
			path = RommAppWidget;
			sourceTree = "<group>";
		};
		BB000000000000000000A7 /* RommAppMac */ = {
			isa = PBXFileSystemSynchronizedRootGroup;
			explicitFolders = (
				PCSX2Resources,
				DolphinSys,
			);
			path = RommAppMac;
			sourceTree = "<group>";
		};
		C16DDCA1D4B951A394B9FA7D /* RommAppTV */ = {
			isa = PBXFileSystemSynchronizedRootGroup;
			exceptions = (
				C6626E28D50263B9632B46B6 /* Exceptions for "RommAppTV" folder in "RommAppTV" target */,
			);
			path = RommAppTV;
			sourceTree = "<group>";
		};
/* End PBXFileSystemSynchronizedRootGroup section */

/* Begin PBXFrameworksBuildPhase section */
		2DBA6A79D663E9C7A0BAC597 /* Frameworks */ = {
			isa = PBXFrameworksBuildPhase;
			buildActionMask = 2147483647;
			files = (
				F50297785940689BEBC3D8A3 /* Foundation.framework in Frameworks */,
				10C5183AB7ADB61F260D8031 /* CoreImage.framework in Frameworks */,
			);
			runOnlyForDeploymentPostprocessing = 0;
		};
		BB00000000000000000008 /* Frameworks */ = {
			isa = PBXFrameworksBuildPhase;
			buildActionMask = 2147483647;
			files = (
			);
			runOnlyForDeploymentPostprocessing = 0;
		};
		BB00000000000000000012 /* Frameworks */ = {
			isa = PBXFrameworksBuildPhase;
			buildActionMask = 2147483647;
			files = (
			);
			runOnlyForDeploymentPostprocessing = 0;
		};
		BB0000000000000000002A /* Frameworks */ = {
			isa = PBXFrameworksBuildPhase;
			buildActionMask = 2147483647;
			files = (
			);
			runOnlyForDeploymentPostprocessing = 0;
		};
		BB00000000000000000054 /* Frameworks */ = {
			isa = PBXFrameworksBuildPhase;
			buildActionMask = 2147483647;
			files = (
			);
			runOnlyForDeploymentPostprocessing = 0;
		};
		BB000000000000000000A5 /* Frameworks */ = {
			isa = PBXFrameworksBuildPhase;
			buildActionMask = 2147483647;
			files = (
			);
			runOnlyForDeploymentPostprocessing = 0;
		};
/* End PBXFrameworksBuildPhase section */

/* Begin PBXGroup section */
		0F2C9EB8303235A40049E308 /* Recovered References */ = {
			isa = PBXGroup;
			children = (
				BB00000000000000000023 /* RommAppTopShelf */,
				BB0000000000000000004A /* CabinetLink.swift */,
				BB0000000000000000005A /* WidgetSnapshot.swift */,
				BB0000000000000000005D /* DownloadActivity.swift */,
			);
			name = "Recovered References";
			sourceTree = "<group>";
		};
		4AE25F905859E16D5B246FD0 /* Frameworks */ = {
			isa = PBXGroup;
			children = (
				B6B71CB6DE653D2ABE64D947 /* tvOS */,
				085D59256C4DAA9CDEBB4573 /* CoreImage.framework */,
			);
			name = Frameworks;
			sourceTree = "<group>";
		};
		B6B71CB6DE653D2ABE64D947 /* tvOS */ = {
			isa = PBXGroup;
			children = (
				E4B2AC95B1AB0E374EB9378B /* Foundation.framework */,
			);
			name = tvOS;
			sourceTree = "<group>";
		};
		BB00000000000000000002 = {
			isa = PBXGroup;
			children = (
				BB0000000000000000000F /* RommApp */,
				BB00000000000000000017 /* LayoutEditor */,
				C16DDCA1D4B951A394B9FA7D /* RommAppTV */,
				BB000000000000000000A7 /* RommAppMac */,
				BB00000000000000000051 /* RommAppWidget */,
				BB00000000000000000003 /* Products */,
				4AE25F905859E16D5B246FD0 /* Frameworks */,
				0F2C9EB8303235A40049E308 /* Recovered References */,
			);
			sourceTree = "<group>";
		};
		BB00000000000000000003 /* Products */ = {
			isa = PBXGroup;
			children = (
				22568825F8A2B0F5F517C40C /* Cabinet TV.app */,
				BB00000000000000000021 /* CabinetTopShelf.appex */,
				BB00000000000000000050 /* CabinetWidget.appex */,
			);
			name = Products;
			sourceTree = "<group>";
		};
/* End PBXGroup section */

/* Begin PBXNativeTarget section */
		BB00000000000000000004 /* RommApp */ = {
			isa = PBXNativeTarget;
			buildConfigurationList = BB0000000000000000000A /* Build configuration list for PBXNativeTarget "RommApp" */;
			buildPhases = (
				BB00000000000000000006 /* Sources */,
				BB00000000000000000008 /* Frameworks */,
				BB00000000000000000007 /* Resources */,
				BB0000000000000000003A /* Embed ANGLE Frameworks */,
				BB00000000000000000058 /* Embed Foundation Extensions */,
			);
			buildRules = (
			);
			dependencies = (
				BB00000000000000000057 /* PBXTargetDependency */,
			);
			fileSystemSynchronizedGroups = (
				BB0000000000000000000F /* RommApp */,
			);
			name = RommApp;
			productName = RommApp;
			productType = "com.apple.product-type.application";
		};
		BB00000000000000000010 /* LayoutEditor */ = {
			isa = PBXNativeTarget;
			buildConfigurationList = BB00000000000000000014 /* Build configuration list for PBXNativeTarget "LayoutEditor" */;
			buildPhases = (
				BB00000000000000000011 /* Sources */,
				BB00000000000000000012 /* Frameworks */,
				BB00000000000000000013 /* Resources */,
			);
			buildRules = (
			);
			dependencies = (
			);
			fileSystemSynchronizedGroups = (
				BB00000000000000000017 /* LayoutEditor */,
			);
			name = LayoutEditor;
			productName = LayoutEditor;
			productType = "com.apple.product-type.application";
		};
		BB00000000000000000020 /* CabinetTopShelf */ = {
			isa = PBXNativeTarget;
			buildConfigurationList = BB0000000000000000002B /* Build configuration list for PBXNativeTarget "CabinetTopShelf" */;
			buildPhases = (
				BB00000000000000000029 /* Sources */,
				BB0000000000000000002A /* Frameworks */,
				BB0000000000000000002C /* Resources */,
			);
			buildRules = (
			);
			dependencies = (
			);
			fileSystemSynchronizedGroups = (
				BB00000000000000000023 /* RommAppTopShelf */,
			);
			name = CabinetTopShelf;
			productName = CabinetTopShelf;
			productReference = BB00000000000000000021 /* CabinetTopShelf.appex */;
			productType = "com.apple.product-type.app-extension";
		};
		BB00000000000000000052 /* CabinetWidget */ = {
			isa = PBXNativeTarget;
			buildConfigurationList = BB0000000000000000005F /* Build configuration list for PBXNativeTarget "CabinetWidget" */;
			buildPhases = (
				BB00000000000000000053 /* Sources */,
				BB00000000000000000054 /* Frameworks */,
				BB00000000000000000055 /* Resources */,
			);
			buildRules = (
			);
			dependencies = (
			);
			fileSystemSynchronizedGroups = (
				BB00000000000000000051 /* RommAppWidget */,
			);
			name = CabinetWidget;
			productName = CabinetWidget;
			productReference = BB00000000000000000050 /* CabinetWidget.appex */;
			productType = "com.apple.product-type.app-extension";
		};
		BB000000000000000000A0 /* RommAppMac */ = {
			isa = PBXNativeTarget;
			buildConfigurationList = BB000000000000000000A1 /* Build configuration list for PBXNativeTarget "RommAppMac" */;
			buildPhases = (
				BB000000000000000000A4 /* Sources */,
				BB000000000000000000A5 /* Frameworks */,
				BB000000000000000000A6 /* Resources */,
				BB000000000000000000A8 /* Embed ANGLE Frameworks */,
			);
			buildRules = (
			);
			dependencies = (
			);
			fileSystemSynchronizedGroups = (
				BB0000000000000000000F /* RommApp */,
				BB000000000000000000A7 /* RommAppMac */,
			);
			name = RommAppMac;
			productName = RommAppMac;
			productType = "com.apple.product-type.application";
		};
		FB4792A61D4A9C6E7864DCEB /* RommAppTV */ = {
			isa = PBXNativeTarget;
			buildConfigurationList = 04B7F005F23F5849B1175D45 /* Build configuration list for PBXNativeTarget "RommAppTV" */;
			buildPhases = (
				6F81DB8C48BF90C4E41F051D /* Sources */,
				2DBA6A79D663E9C7A0BAC597 /* Frameworks */,
				8A3DCBF3E2B8311EC493B403 /* Resources */,
				BB0000000000000000003B /* Embed ANGLE Frameworks */,
				BB00000000000000000026 /* Embed Foundation Extensions */,
			);
			buildRules = (
			);
			dependencies = (
				BB00000000000000000028 /* PBXTargetDependency */,
			);
			fileSystemSynchronizedGroups = (
				BB0000000000000000000F /* RommApp */,
				BB00000000000000000023 /* RommAppTopShelf */,
				C16DDCA1D4B951A394B9FA7D /* RommAppTV */,
			);
			name = RommAppTV;
			productName = RommAppTV;
			productReference = 22568825F8A2B0F5F517C40C /* Cabinet TV.app */;
			productType = "com.apple.product-type.application";
		};
/* End PBXNativeTarget section */

/* Begin PBXProject section */
		BB00000000000000000001 /* Project object */ = {
			isa = PBXProject;
			attributes = {
				BuildIndependentTargetsInParallel = 1;
				LastSwiftUpdateCheck = 2660;
				LastUpgradeCheck = 2660;
				TargetAttributes = {
					BB00000000000000000004 = {
						CreatedOnToolsVersion = 26.6;
					};
					BB00000000000000000010 = {
						CreatedOnToolsVersion = 26.6;
					};
				};
			};
			buildConfigurationList = BB00000000000000000009 /* Build configuration list for PBXProject "RommApp" */;
			developmentRegion = en;
			hasScannedForEncodings = 0;
			knownRegions = (
				en,
				Base,
			);
			mainGroup = BB00000000000000000002;
			minimizedProjectReferenceProxies = 1;
			preferredProjectObjectVersion = 77;
			productRefGroup = BB00000000000000000003 /* Products */;
			projectDirPath = "";
			projectRoot = "";
			targets = (
				BB00000000000000000004 /* RommApp */,
				BB00000000000000000010 /* LayoutEditor */,
				FB4792A61D4A9C6E7864DCEB /* RommAppTV */,
				BB000000000000000000A0 /* RommAppMac */,
				BB00000000000000000020 /* CabinetTopShelf */,
				BB00000000000000000052 /* CabinetWidget */,
			);
		};
/* End PBXProject section */

/* Begin PBXResourcesBuildPhase section */
		8A3DCBF3E2B8311EC493B403 /* Resources */ = {
			isa = PBXResourcesBuildPhase;
			buildActionMask = 2147483647;
			files = (
			);
			runOnlyForDeploymentPostprocessing = 0;
		};
		BB00000000000000000007 /* Resources */ = {
			isa = PBXResourcesBuildPhase;
			buildActionMask = 2147483647;
			files = (
			);
			runOnlyForDeploymentPostprocessing = 0;
		};
		BB00000000000000000013 /* Resources */ = {
			isa = PBXResourcesBuildPhase;
			buildActionMask = 2147483647;
			files = (
			);
			runOnlyForDeploymentPostprocessing = 0;
		};
		BB0000000000000000002C /* Resources */ = {
			isa = PBXResourcesBuildPhase;
			buildActionMask = 2147483647;
			files = (
			);
			runOnlyForDeploymentPostprocessing = 0;
		};
		BB00000000000000000055 /* Resources */ = {
			isa = PBXResourcesBuildPhase;
			buildActionMask = 2147483647;
			files = (
			);
			runOnlyForDeploymentPostprocessing = 0;
		};
		BB000000000000000000A6 /* Resources */ = {
			isa = PBXResourcesBuildPhase;
			buildActionMask = 2147483647;
			files = (
			);
			runOnlyForDeploymentPostprocessing = 0;
		};
/* End PBXResourcesBuildPhase section */

/* Begin PBXShellScriptBuildPhase section */
		BB0000000000000000003A /* Embed ANGLE Frameworks */ = {
			isa = PBXShellScriptBuildPhase;
			alwaysOutOfDate = 1;
			buildActionMask = 2147483647;
			files = (
			);
			inputPaths = (
			);
			name = "Embed ANGLE Frameworks";
			outputPaths = (
			);
			runOnlyForDeploymentPostprocessing = 0;
			shellPath = /bin/sh;
			shellScript = "if [ \"$PLATFORM_NAME\" != \"iphoneos\" ]; then exit 0; fi\nDEST=\"$BUILT_PRODUCTS_DIR/$FRAMEWORKS_FOLDER_PATH\"\nmkdir -p \"$DEST\"\nfor FW in libEGL libGLESv2; do\n  rsync -a --delete \"$PROJECT_DIR/Vendor/ANGLE/ios/$FW.framework\" \"$DEST/\"\n  if [ \"$CODE_SIGNING_ALLOWED\" = \"YES\" ] && [ -n \"$EXPANDED_CODE_SIGN_IDENTITY\" ]; then\n    codesign --force --sign \"$EXPANDED_CODE_SIGN_IDENTITY\" --timestamp=none \"$DEST/$FW.framework\"\n  fi\ndone\n";
		};
		BB0000000000000000003B /* Embed ANGLE Frameworks */ = {
			isa = PBXShellScriptBuildPhase;
			alwaysOutOfDate = 1;
			buildActionMask = 2147483647;
			files = (
			);
			inputPaths = (
			);
			name = "Embed ANGLE Frameworks";
			outputPaths = (
			);
			runOnlyForDeploymentPostprocessing = 0;
			shellPath = /bin/sh;
			shellScript = "if [ \"$PLATFORM_NAME\" != \"appletvos\" ]; then exit 0; fi\nDEST=\"$BUILT_PRODUCTS_DIR/$FRAMEWORKS_FOLDER_PATH\"\nmkdir -p \"$DEST\"\nfor FW in libEGL libGLESv2; do\n  rsync -a --delete \"$PROJECT_DIR/Vendor/ANGLE/tvos/$FW.framework\" \"$DEST/\"\n  if [ \"$CODE_SIGNING_ALLOWED\" = \"YES\" ] && [ -n \"$EXPANDED_CODE_SIGN_IDENTITY\" ]; then\n    codesign --force --sign \"$EXPANDED_CODE_SIGN_IDENTITY\" --timestamp=none \"$DEST/$FW.framework\"\n  fi\ndone\n";
		};
		BB000000000000000000A8 /* Embed ANGLE Frameworks */ = {
			isa = PBXShellScriptBuildPhase;
			alwaysOutOfDate = 1;
			buildActionMask = 2147483647;
			files = (
			);
			inputPaths = (
			);
			name = "Embed ANGLE Frameworks";
			outputPaths = (
			);
			runOnlyForDeploymentPostprocessing = 0;
			shellPath = /bin/sh;
			shellScript = "if [ \"$PLATFORM_NAME\" != \"macosx\" ]; then exit 0; fi\nDEST=\"$BUILT_PRODUCTS_DIR/$FRAMEWORKS_FOLDER_PATH\"\nmkdir -p \"$DEST\"\nfor FW in libEGL libGLESv2; do\n  rsync -a --delete \"$PROJECT_DIR/Vendor/ANGLE/mac/$FW.framework\" \"$DEST/\"\n  if [ \"$CODE_SIGNING_ALLOWED\" = \"YES\" ] && [ -n \"$EXPANDED_CODE_SIGN_IDENTITY\" ]; then\n    codesign --force --sign \"$EXPANDED_CODE_SIGN_IDENTITY\" --timestamp=none \"$DEST/$FW.framework\"\n  fi\ndone\n\n# ANGLE's libEGL does not carry the EGL implementation. The first\n# eglGetDisplay dlopens libGLESv2 by a path built from the EXECUTABLE'S\n# own directory: <exec dir>/Frameworks/libGLESv2.framework/libGLESv2.\n# iOS and tvOS bundles are flat, so that resolves. A Mac bundle puts the\n# executable in Contents/MacOS and frameworks in Contents/Frameworks, so\n# the dlopen fails and ANGLE then calls through a null pointer. Every\n# hardware-rendered core (Dreamcast, N64, PSP) segfaulted at exactly that\n# call. The symlink gives the loader the layout it expects without\n# duplicating 12MB of framework.\nEXEC_DIR=\"$BUILT_PRODUCTS_DIR/$EXECUTABLE_FOLDER_PATH\"\nif [ \"$EXEC_DIR\" != \"$DEST\" ]; then\n  ln -sfn ../Frameworks \"$EXEC_DIR/Frameworks\"\nfi\n";
		};
/* End PBXShellScriptBuildPhase section */

/* Begin PBXSourcesBuildPhase section */
		6F81DB8C48BF90C4E41F051D /* Sources */ = {
			isa = PBXSourcesBuildPhase;
			buildActionMask = 2147483647;
			files = (
			);
			runOnlyForDeploymentPostprocessing = 0;
		};
		BB00000000000000000006 /* Sources */ = {
			isa = PBXSourcesBuildPhase;
			buildActionMask = 2147483647;
			files = (
			);
			runOnlyForDeploymentPostprocessing = 0;
		};
		BB00000000000000000011 /* Sources */ = {
			isa = PBXSourcesBuildPhase;
			buildActionMask = 2147483647;
			files = (
			);
			runOnlyForDeploymentPostprocessing = 0;
		};
		BB00000000000000000029 /* Sources */ = {
			isa = PBXSourcesBuildPhase;
			buildActionMask = 2147483647;
			files = (
				BB0000000000000000004B /* CabinetLink.swift in Sources */,
			);
			runOnlyForDeploymentPostprocessing = 0;
		};
		BB00000000000000000053 /* Sources */ = {
			isa = PBXSourcesBuildPhase;
			buildActionMask = 2147483647;
			files = (
				BB0000000000000000005B /* WidgetSnapshot.swift in Sources */,
				BB0000000000000000005C /* CabinetLink.swift in Sources */,
				BB0000000000000000005E /* DownloadActivity.swift in Sources */,
			);
			runOnlyForDeploymentPostprocessing = 0;
		};
		BB000000000000000000A4 /* Sources */ = {
			isa = PBXSourcesBuildPhase;
			buildActionMask = 2147483647;
			files = (
			);
			runOnlyForDeploymentPostprocessing = 0;
		};
/* End PBXSourcesBuildPhase section */

/* Begin PBXTargetDependency section */
		BB00000000000000000028 /* PBXTargetDependency */ = {
			isa = PBXTargetDependency;
			target = BB00000000000000000020 /* CabinetTopShelf */;
			targetProxy = BB00000000000000000027 /* PBXContainerItemProxy */;
		};
		BB00000000000000000057 /* PBXTargetDependency */ = {
			isa = PBXTargetDependency;
			target = BB00000000000000000052 /* CabinetWidget */;
			targetProxy = BB00000000000000000056 /* PBXContainerItemProxy */;
		};
/* End PBXTargetDependency section */

/* Begin XCBuildConfiguration section */
		B25B711D6693BBC3E95729DF /* Release */ = {
			isa = XCBuildConfiguration;
			buildSettings = {
				ASSETCATALOG_COMPILER_APPICON_NAME = AppIcon;
				CLANG_CXX_LANGUAGE_STANDARD = "gnu++17";
				CODE_SIGN_ENTITLEMENTS = RommAppTV/RommAppTV.entitlements;
				CODE_SIGN_STYLE = Automatic;
				CURRENT_PROJECT_VERSION = 14;
				DEVELOPMENT_TEAM = 53MUTM55LC;
				ENABLE_PREVIEWS = YES;
				EXCLUDED_SOURCE_FILE_NAMES = "*_mac.a";
				"EXCLUDED_SOURCE_FILE_NAMES[sdk=appletvsimulator*]" = (
					"*_mac.a",
					"*_tvos.a",
					"*Core.mm",
				);
				"FRAMEWORK_SEARCH_PATHS[sdk=appletvos*]" = "$(PROJECT_DIR)/Vendor/ANGLE/tvos";
				"GCC_PREPROCESSOR_DEFINITIONS[sdk=appletvos*]" = (
					"$(inherited)",
					"CABINET_ANGLE=1",
				);
				GENERATE_INFOPLIST_FILE = YES;
				HEADER_SEARCH_PATHS = (
					"$(inherited)",
					"$(PROJECT_DIR)/Vendor/ANGLE/include",
				);
				INFOPLIST_FILE = RommAppTV/Info.plist;
				INFOPLIST_KEY_CFBundleDisplayName = "Cabinet TV";
				INFOPLIST_KEY_GCSupportsControllerUserInteraction = YES;
				INFOPLIST_KEY_ITSAppUsesNonExemptEncryption = NO;
				INFOPLIST_KEY_UIApplicationSceneManifest_Generation = YES;
				INFOPLIST_KEY_UILaunchScreen_Generation = YES;
				LD_RUNPATH_SEARCH_PATHS = (
					"$(inherited)",
					"@executable_path/Frameworks",
				);
				LIBRARY_SEARCH_PATHS = (
					"$(inherited)",
					"$(PROJECT_DIR)/RommApp/Native/BeetleNGP",
					"$(PROJECT_DIR)/RommApp/Native/BeetlePCEFast",
					"$(PROJECT_DIR)/RommApp/Native/FBNeo",
					"$(PROJECT_DIR)/RommApp/Native/FCEUmm",
					"$(PROJECT_DIR)/RommApp/Native/Gambatte",
					"$(PROJECT_DIR)/RommApp/Native/GenesisPlusGX",
					"$(PROJECT_DIR)/RommApp/Native/MGBA",
					"$(PROJECT_DIR)/RommApp/Native/PCSXReARMed",
					"$(PROJECT_DIR)/RommApp/Native/PicoDrive",
					"$(PROJECT_DIR)/RommApp/Native/ProSystem",
					"$(PROJECT_DIR)/RommApp/Native/Saturn",
					"$(PROJECT_DIR)/RommApp/Native/Snes9x",
					"$(PROJECT_DIR)/RommApp/Native/Flycast",
					"$(PROJECT_DIR)/RommApp/Native/Mupen64Plus",
					"$(PROJECT_DIR)/RommApp/Native/MAME2003Plus",
					"$(PROJECT_DIR)/RommApp/Native/Vecx",
					"$(PROJECT_DIR)/RommApp/Native/Stella2014",
					"$(PROJECT_DIR)/RommApp/Native/Opera",
					"$(PROJECT_DIR)/RommApp/Native/BeetleVB",
					"$(PROJECT_DIR)/RommApp/Native/MelonDS",
					"$(PROJECT_DIR)/RommApp/Native/PPSSPP",
					"$(PROJECT_DIR)/RommApp/Native/GW",
					"$(PROJECT_DIR)/RommApp/Native/VeMUlator",
				);
				MARKETING_VERSION = 1.0.1;
				OTHER_LDFLAGS = "-lz";
				"OTHER_LDFLAGS[sdk=appletvos*]" = (
					"-lz",
					"-framework",
					libEGL,
					"-framework",
					libGLESv2,
				);
				PRODUCT_BUNDLE_IDENTIFIER = com.prjoni99.Cabinet;
				PRODUCT_NAME = "Cabinet TV";
				SDKROOT = appletvos;
				SWIFT_EMIT_LOC_STRINGS = YES;
				SWIFT_OBJC_BRIDGING_HEADER = "RommAppTV/RommAppTV-Bridging-Header.h";
				SWIFT_VERSION = 5.0;
				TARGETED_DEVICE_FAMILY = 3;
				TVOS_DEPLOYMENT_TARGET = 18.0;
				VALIDATE_PRODUCT = YES;
			};
			name = Release;
		};
		BB0000000000000000000B /* Debug */ = {
			isa = XCBuildConfiguration;
			buildSettings = {
				ALWAYS_SEARCH_USER_PATHS = NO;
				ASSETCATALOG_COMPILER_GENERATE_SWIFT_ASSET_SYMBOL_EXTENSIONS = YES;
				CLANG_ANALYZER_NONNULL = YES;
				CLANG_ENABLE_MODULES = YES;
				CLANG_ENABLE_OBJC_ARC = YES;
				COPY_PHASE_STRIP = NO;
				DEBUG_INFORMATION_FORMAT = dwarf;
				ENABLE_STRICT_OBJC_MSGSEND = YES;
				ENABLE_TESTABILITY = YES;
				GCC_C_LANGUAGE_STANDARD = gnu17;
				GCC_DYNAMIC_NO_PIC = NO;
				GCC_NO_COMMON_BLOCKS = YES;
				GCC_OPTIMIZATION_LEVEL = 0;
				GCC_PREPROCESSOR_DEFINITIONS = (
					"DEBUG=1",
					"$(inherited)",
				);
				IPHONEOS_DEPLOYMENT_TARGET = 18.0;
				MTL_ENABLE_DEBUG_INFO = INCLUDE_SOURCE;
				MTL_FAST_MATH = YES;
				ONLY_ACTIVE_ARCH = YES;
				SDKROOT = iphoneos;
				SWIFT_ACTIVE_COMPILATION_CONDITIONS = "DEBUG $(inherited)";
				SWIFT_OPTIMIZATION_LEVEL = "-Onone";
			};
			name = Debug;
		};
		BB0000000000000000000C /* Release */ = {
			isa = XCBuildConfiguration;
			buildSettings = {
				ALWAYS_SEARCH_USER_PATHS = NO;
				ASSETCATALOG_COMPILER_GENERATE_SWIFT_ASSET_SYMBOL_EXTENSIONS = YES;
				CLANG_ANALYZER_NONNULL = YES;
				CLANG_ENABLE_MODULES = YES;
				CLANG_ENABLE_OBJC_ARC = YES;
				COPY_PHASE_STRIP = NO;
				DEBUG_INFORMATION_FORMAT = "dwarf-with-dsym";
				ENABLE_NS_ASSERTIONS = NO;
				ENABLE_STRICT_OBJC_MSGSEND = YES;
				GCC_C_LANGUAGE_STANDARD = gnu17;
				GCC_NO_COMMON_BLOCKS = YES;
				IPHONEOS_DEPLOYMENT_TARGET = 18.0;
				MTL_ENABLE_DEBUG_INFO = NO;
				MTL_FAST_MATH = YES;
				SDKROOT = iphoneos;
				SWIFT_COMPILATION_MODE = wholemodule;
				VALIDATE_PRODUCT = YES;
			};
			name = Release;
		};
		BB0000000000000000000D /* Debug */ = {
			isa = XCBuildConfiguration;
			buildSettings = {
				ASSETCATALOG_COMPILER_APPICON_NAME = AppIcon;
				CLANG_CXX_LANGUAGE_STANDARD = "gnu++17";
				CODE_SIGN_ENTITLEMENTS = RommApp/RommApp.entitlements;
				CODE_SIGN_STYLE = Automatic;
				CURRENT_PROJECT_VERSION = 14;
				DEVELOPMENT_TEAM = 53MUTM55LC;
				ENABLE_PREVIEWS = YES;
				EXCLUDED_SOURCE_FILE_NAMES = "*_mac.a";
				"EXCLUDED_SOURCE_FILE_NAMES[sdk=iphonesimulator*]" = (
					"*_ios.a",
					"*_mac.a",
					"*Core.mm",
				);
				"FRAMEWORK_SEARCH_PATHS[sdk=iphoneos*]" = "$(PROJECT_DIR)/Vendor/ANGLE/ios";
				"GCC_PREPROCESSOR_DEFINITIONS[sdk=iphoneos*]" = (
					"$(inherited)",
					"CABINET_ANGLE=1",
				);
				GENERATE_INFOPLIST_FILE = YES;
				HEADER_SEARCH_PATHS = (
					"$(PROJECT_DIR)/RommApp/Native/Libretro",
					"$(PROJECT_DIR)/RommApp/Native/FBNeo",
					"$(PROJECT_DIR)/RommApp/Native/Saturn",
					"$(PROJECT_DIR)/RommApp/Native/Gambatte",
					"$(PROJECT_DIR)/RommApp/Native/MGBA",
					"$(PROJECT_DIR)/RommApp/Native/GenesisPlusGX",
					"$(PROJECT_DIR)/RommApp/Native/BeetlePCEFast",
					"$(PROJECT_DIR)/RommApp/Native/Snes9x",
					"$(PROJECT_DIR)/RommApp/Native/FCEUmm",
					"$(PROJECT_DIR)/RommApp/Native/BeetleNGP",
					"$(PROJECT_DIR)/RommApp/Native/ProSystem",
					"$(PROJECT_DIR)/RommApp/Native/PicoDrive",
					"$(PROJECT_DIR)/RommApp/Native/PCSXReARMed",
					"$(PROJECT_DIR)/RommApp/Native/Archive",
					"$(PROJECT_DIR)/Vendor/ANGLE/include",
				);
				INFOPLIST_FILE = Info.plist;
				INFOPLIST_KEY_CFBundleDisplayName = "Cabinet Dev";
				INFOPLIST_KEY_GCSupportsControllerUserInteraction = YES;
				INFOPLIST_KEY_ITSAppUsesNonExemptEncryption = NO;
				INFOPLIST_KEY_UIApplicationSceneManifest_Generation = NO;
				INFOPLIST_KEY_NSSupportsLiveActivities = YES;
				INFOPLIST_KEY_UILaunchScreen_Generation = YES;
				INFOPLIST_KEY_UIRequiresFullScreen = YES;
				INFOPLIST_KEY_UISupportedInterfaceOrientations = "UIInterfaceOrientationPortrait UIInterfaceOrientationLandscapeLeft UIInterfaceOrientationLandscapeRight";
				LD_RUNPATH_SEARCH_PATHS = (
					"$(inherited)",
					"@executable_path/Frameworks",
				);
				LIBRARY_SEARCH_PATHS = (
					"$(inherited)",
					"$(PROJECT_DIR)/RommApp/Native/FBNeo",
					"$(PROJECT_DIR)/RommApp/Native/Saturn",
					"$(PROJECT_DIR)/RommApp/Native/Gambatte",
					"$(PROJECT_DIR)/RommApp/Native/FCEUmm",
					"$(PROJECT_DIR)/RommApp/Native/Snes9x",
					"$(PROJECT_DIR)/RommApp/Native/BeetleNGP",
					"$(PROJECT_DIR)/RommApp/Native/BeetlePCEFast",
					"$(PROJECT_DIR)/RommApp/Native/GenesisPlusGX",
					"$(PROJECT_DIR)/RommApp/Native/ProSystem",
					"$(PROJECT_DIR)/RommApp/Native/MGBA",
					"$(PROJECT_DIR)/RommApp/Native/PicoDrive",
					"$(PROJECT_DIR)/RommApp/Native/PCSXReARMed",
					"$(PROJECT_DIR)/RommApp/Native/Flycast",
					"$(PROJECT_DIR)/RommApp/Native/Mupen64Plus",
					"$(PROJECT_DIR)/RommApp/Native/MAME2003Plus",
					"$(PROJECT_DIR)/RommApp/Native/Vecx",
					"$(PROJECT_DIR)/RommApp/Native/Stella2014",
					"$(PROJECT_DIR)/RommApp/Native/Opera",
					"$(PROJECT_DIR)/RommApp/Native/BeetleVB",
					"$(PROJECT_DIR)/RommApp/Native/MelonDS",
					"$(PROJECT_DIR)/RommApp/Native/PPSSPP",
					"$(PROJECT_DIR)/RommApp/Native/GW",
					"$(PROJECT_DIR)/RommApp/Native/VeMUlator",
				);
				MARKETING_VERSION = 1.0.1;
				OTHER_LDFLAGS = (
					"-lz",
					"-framework",
					libEGL,
					"-framework",
					libGLESv2,
				);
				"OTHER_LDFLAGS[sdk=iphonesimulator*]" = "-lc++";
				PRODUCT_BUNDLE_IDENTIFIER = com.prjoni99.CabinetDev;
				PRODUCT_NAME = Cabinet;
				SWIFT_EMIT_LOC_STRINGS = YES;
				SWIFT_OBJC_BRIDGING_HEADER = "RommApp/Native/RommApp-Bridging-Header.h";
				SWIFT_VERSION = 5.0;
				TARGETED_DEVICE_FAMILY = 1;
			};
			name = Debug;
		};
		BB0000000000000000000E /* Release */ = {
			isa = XCBuildConfiguration;
			buildSettings = {
				ASSETCATALOG_COMPILER_APPICON_NAME = AppIcon;
				CLANG_CXX_LANGUAGE_STANDARD = "gnu++17";
				CODE_SIGN_ENTITLEMENTS = RommApp/RommApp.entitlements;
				CODE_SIGN_STYLE = Automatic;
				CURRENT_PROJECT_VERSION = 14;
				DEVELOPMENT_TEAM = 53MUTM55LC;
				ENABLE_PREVIEWS = YES;
				EXCLUDED_SOURCE_FILE_NAMES = "*_mac.a";
				"EXCLUDED_SOURCE_FILE_NAMES[sdk=iphonesimulator*]" = (
					"*_ios.a",
					"*_mac.a",
					"*Core.mm",
				);
				"FRAMEWORK_SEARCH_PATHS[sdk=iphoneos*]" = "$(PROJECT_DIR)/Vendor/ANGLE/ios";
				"GCC_PREPROCESSOR_DEFINITIONS[sdk=iphoneos*]" = (
					"$(inherited)",
					"CABINET_ANGLE=1",
				);
				GENERATE_INFOPLIST_FILE = YES;
				HEADER_SEARCH_PATHS = (
					"$(PROJECT_DIR)/RommApp/Native/Libretro",
					"$(PROJECT_DIR)/RommApp/Native/FBNeo",
					"$(PROJECT_DIR)/RommApp/Native/Saturn",
					"$(PROJECT_DIR)/RommApp/Native/Gambatte",
					"$(PROJECT_DIR)/RommApp/Native/MGBA",
					"$(PROJECT_DIR)/RommApp/Native/GenesisPlusGX",
					"$(PROJECT_DIR)/RommApp/Native/BeetlePCEFast",
					"$(PROJECT_DIR)/RommApp/Native/Snes9x",
					"$(PROJECT_DIR)/RommApp/Native/FCEUmm",
					"$(PROJECT_DIR)/RommApp/Native/BeetleNGP",
					"$(PROJECT_DIR)/RommApp/Native/ProSystem",
					"$(PROJECT_DIR)/RommApp/Native/PicoDrive",
					"$(PROJECT_DIR)/RommApp/Native/PCSXReARMed",
					"$(PROJECT_DIR)/RommApp/Native/Archive",
					"$(PROJECT_DIR)/Vendor/ANGLE/include",
				);
				INFOPLIST_FILE = Info.plist;
				INFOPLIST_KEY_CFBundleDisplayName = Cabinet;
				INFOPLIST_KEY_GCSupportsControllerUserInteraction = YES;
				INFOPLIST_KEY_ITSAppUsesNonExemptEncryption = NO;
				INFOPLIST_KEY_UIApplicationSceneManifest_Generation = NO;
				INFOPLIST_KEY_NSSupportsLiveActivities = YES;
				INFOPLIST_KEY_UILaunchScreen_Generation = YES;
				INFOPLIST_KEY_UIRequiresFullScreen = YES;
				INFOPLIST_KEY_UISupportedInterfaceOrientations = "UIInterfaceOrientationPortrait UIInterfaceOrientationLandscapeLeft UIInterfaceOrientationLandscapeRight";
				LD_RUNPATH_SEARCH_PATHS = (
					"$(inherited)",
					"@executable_path/Frameworks",
				);
				LIBRARY_SEARCH_PATHS = (
					"$(inherited)",
					"$(PROJECT_DIR)/RommApp/Native/FBNeo",
					"$(PROJECT_DIR)/RommApp/Native/Saturn",
					"$(PROJECT_DIR)/RommApp/Native/Gambatte",
					"$(PROJECT_DIR)/RommApp/Native/FCEUmm",
					"$(PROJECT_DIR)/RommApp/Native/Snes9x",
					"$(PROJECT_DIR)/RommApp/Native/BeetleNGP",
					"$(PROJECT_DIR)/RommApp/Native/BeetlePCEFast",
					"$(PROJECT_DIR)/RommApp/Native/GenesisPlusGX",
					"$(PROJECT_DIR)/RommApp/Native/ProSystem",
					"$(PROJECT_DIR)/RommApp/Native/MGBA",
					"$(PROJECT_DIR)/RommApp/Native/PicoDrive",
					"$(PROJECT_DIR)/RommApp/Native/PCSXReARMed",
					"$(PROJECT_DIR)/RommApp/Native/Flycast",
					"$(PROJECT_DIR)/RommApp/Native/Mupen64Plus",
					"$(PROJECT_DIR)/RommApp/Native/MAME2003Plus",
					"$(PROJECT_DIR)/RommApp/Native/Vecx",
					"$(PROJECT_DIR)/RommApp/Native/Stella2014",
					"$(PROJECT_DIR)/RommApp/Native/Opera",
					"$(PROJECT_DIR)/RommApp/Native/BeetleVB",
					"$(PROJECT_DIR)/RommApp/Native/MelonDS",
					"$(PROJECT_DIR)/RommApp/Native/PPSSPP",
					"$(PROJECT_DIR)/RommApp/Native/GW",
					"$(PROJECT_DIR)/RommApp/Native/VeMUlator",
				);
				MARKETING_VERSION = 1.0.1;
				OTHER_LDFLAGS = (
					"-lz",
					"-framework",
					libEGL,
					"-framework",
					libGLESv2,
				);
				"OTHER_LDFLAGS[sdk=iphonesimulator*]" = "-lc++";
				PRODUCT_BUNDLE_IDENTIFIER = com.prjoni99.Cabinet;
				PRODUCT_NAME = Cabinet;
				SWIFT_EMIT_LOC_STRINGS = YES;
				SWIFT_OBJC_BRIDGING_HEADER = "RommApp/Native/RommApp-Bridging-Header.h";
				SWIFT_VERSION = 5.0;
				TARGETED_DEVICE_FAMILY = 1;
			};
			name = Release;
		};
		BB00000000000000000015 /* Debug */ = {
			isa = XCBuildConfiguration;
			buildSettings = {
				ASSETCATALOG_COMPILER_APPICON_NAME = AppIcon;
				CODE_SIGN_STYLE = Automatic;
				CURRENT_PROJECT_VERSION = 10;
				DEVELOPMENT_TEAM = 53MUTM55LC;
				ENABLE_PREVIEWS = YES;
				GENERATE_INFOPLIST_FILE = YES;
				INFOPLIST_KEY_CFBundleDisplayName = "Layout Editor";
				INFOPLIST_KEY_LSSupportsOpeningDocumentsInPlace = YES;
				INFOPLIST_KEY_UIApplicationSceneManifest_Generation = YES;
				INFOPLIST_KEY_UIFileSharingEnabled = YES;
				INFOPLIST_KEY_UILaunchScreen_Generation = YES;
				INFOPLIST_KEY_UIRequiresFullScreen = YES;
				INFOPLIST_KEY_UISupportedInterfaceOrientations = "UIInterfaceOrientationPortrait UIInterfaceOrientationLandscapeLeft UIInterfaceOrientationLandscapeRight";
				LD_RUNPATH_SEARCH_PATHS = (
					"$(inherited)",
					"@executable_path/Frameworks",
				);
				MARKETING_VERSION = 0.1;
				PRODUCT_BUNDLE_IDENTIFIER = com.prjoni99.CabinetLayoutEditor;
				PRODUCT_NAME = "Layout Editor";
				SWIFT_EMIT_LOC_STRINGS = YES;
				SWIFT_VERSION = 5.0;
				TARGETED_DEVICE_FAMILY = "1,2";
			};
			name = Debug;
		};
		BB00000000000000000016 /* Release */ = {
			isa = XCBuildConfiguration;
			buildSettings = {
				ASSETCATALOG_COMPILER_APPICON_NAME = AppIcon;
				CODE_SIGN_STYLE = Automatic;
				CURRENT_PROJECT_VERSION = 10;
				DEVELOPMENT_TEAM = 53MUTM55LC;
				ENABLE_PREVIEWS = YES;
				GENERATE_INFOPLIST_FILE = YES;
				INFOPLIST_KEY_CFBundleDisplayName = "Layout Editor";
				INFOPLIST_KEY_LSSupportsOpeningDocumentsInPlace = YES;
				INFOPLIST_KEY_UIApplicationSceneManifest_Generation = YES;
				INFOPLIST_KEY_UIFileSharingEnabled = YES;
				INFOPLIST_KEY_UILaunchScreen_Generation = YES;
				INFOPLIST_KEY_UIRequiresFullScreen = YES;
				INFOPLIST_KEY_UISupportedInterfaceOrientations = "UIInterfaceOrientationPortrait UIInterfaceOrientationLandscapeLeft UIInterfaceOrientationLandscapeRight";
				LD_RUNPATH_SEARCH_PATHS = (
					"$(inherited)",
					"@executable_path/Frameworks",
				);
				MARKETING_VERSION = 0.1;
				PRODUCT_BUNDLE_IDENTIFIER = com.prjoni99.CabinetLayoutEditor;
				PRODUCT_NAME = "Layout Editor";
				SWIFT_EMIT_LOC_STRINGS = YES;
				SWIFT_VERSION = 5.0;
				TARGETED_DEVICE_FAMILY = "1,2";
			};
			name = Release;
		};
		BB0000000000000000002D /* Debug */ = {
			isa = XCBuildConfiguration;
			buildSettings = {
				CODE_SIGN_ENTITLEMENTS = RommAppTopShelf/RommAppTopShelf.entitlements;
				CODE_SIGN_STYLE = Automatic;
				CURRENT_PROJECT_VERSION = 14;
				DEVELOPMENT_TEAM = 53MUTM55LC;
				GENERATE_INFOPLIST_FILE = YES;
				INFOPLIST_FILE = RommAppTopShelf/Info.plist;
				INFOPLIST_KEY_CFBundleDisplayName = "Cabinet Top Shelf";
				LD_RUNPATH_SEARCH_PATHS = (
					"$(inherited)",
					"@executable_path/Frameworks",
					"@executable_path/../../Frameworks",
				);
				MARKETING_VERSION = 1.0.1;
				PRODUCT_BUNDLE_IDENTIFIER = com.prjoni99.CabinetDev.tv.topshelf;
				PRODUCT_NAME = "$(TARGET_NAME)";
				SDKROOT = appletvos;
				SKIP_INSTALL = YES;
				SWIFT_EMIT_LOC_STRINGS = YES;
				SWIFT_VERSION = 5.0;
				TARGETED_DEVICE_FAMILY = 3;
				TVOS_DEPLOYMENT_TARGET = 18.0;
			};
			name = Debug;
		};
		BB0000000000000000002E /* Release */ = {
			isa = XCBuildConfiguration;
			buildSettings = {
				CODE_SIGN_ENTITLEMENTS = RommAppTopShelf/RommAppTopShelf.entitlements;
				CODE_SIGN_STYLE = Automatic;
				CURRENT_PROJECT_VERSION = 14;
				DEVELOPMENT_TEAM = 53MUTM55LC;
				GENERATE_INFOPLIST_FILE = YES;
				INFOPLIST_FILE = RommAppTopShelf/Info.plist;
				INFOPLIST_KEY_CFBundleDisplayName = "Cabinet Top Shelf";
				LD_RUNPATH_SEARCH_PATHS = (
					"$(inherited)",
					"@executable_path/Frameworks",
					"@executable_path/../../Frameworks",
				);
				MARKETING_VERSION = 1.0.1;
				PRODUCT_BUNDLE_IDENTIFIER = com.prjoni99.Cabinet.topshelf;
				PRODUCT_NAME = "$(TARGET_NAME)";
				SDKROOT = appletvos;
				SKIP_INSTALL = YES;
				SWIFT_EMIT_LOC_STRINGS = YES;
				SWIFT_VERSION = 5.0;
				TARGETED_DEVICE_FAMILY = 3;
				TVOS_DEPLOYMENT_TARGET = 18.0;
				VALIDATE_PRODUCT = YES;
			};
			name = Release;
		};
		BB00000000000000000061 /* Debug */ = {
			isa = XCBuildConfiguration;
			buildSettings = {
				CODE_SIGN_ENTITLEMENTS = RommAppWidget/RommAppWidget.entitlements;
				CODE_SIGN_STYLE = Automatic;
				CURRENT_PROJECT_VERSION = 14;
				DEVELOPMENT_TEAM = 53MUTM55LC;
				GENERATE_INFOPLIST_FILE = YES;
				INFOPLIST_FILE = RommAppWidget/Info.plist;
				INFOPLIST_KEY_CFBundleDisplayName = Cabinet;
				IPHONEOS_DEPLOYMENT_TARGET = 18.0;
				LD_RUNPATH_SEARCH_PATHS = (
					"$(inherited)",
					"@executable_path/Frameworks",
					"@executable_path/../../Frameworks",
				);
				MARKETING_VERSION = 1.0.1;
				PRODUCT_BUNDLE_IDENTIFIER = com.prjoni99.CabinetDev.widget;
				PRODUCT_NAME = "$(TARGET_NAME)";
				SDKROOT = iphoneos;
				SKIP_INSTALL = YES;
				SWIFT_EMIT_LOC_STRINGS = YES;
				SWIFT_VERSION = 5.0;
				TARGETED_DEVICE_FAMILY = 1;
			};
			name = Debug;
		};
		BB00000000000000000062 /* Release */ = {
			isa = XCBuildConfiguration;
			buildSettings = {
				CODE_SIGN_ENTITLEMENTS = RommAppWidget/RommAppWidget.entitlements;
				CODE_SIGN_STYLE = Automatic;
				CURRENT_PROJECT_VERSION = 14;
				DEVELOPMENT_TEAM = 53MUTM55LC;
				GENERATE_INFOPLIST_FILE = YES;
				INFOPLIST_FILE = RommAppWidget/Info.plist;
				INFOPLIST_KEY_CFBundleDisplayName = Cabinet;
				IPHONEOS_DEPLOYMENT_TARGET = 18.0;
				LD_RUNPATH_SEARCH_PATHS = (
					"$(inherited)",
					"@executable_path/Frameworks",
					"@executable_path/../../Frameworks",
				);
				MARKETING_VERSION = 1.0.1;
				PRODUCT_BUNDLE_IDENTIFIER = com.prjoni99.Cabinet.widget;
				PRODUCT_NAME = "$(TARGET_NAME)";
				SDKROOT = iphoneos;
				SKIP_INSTALL = YES;
				SWIFT_EMIT_LOC_STRINGS = YES;
				SWIFT_VERSION = 5.0;
				TARGETED_DEVICE_FAMILY = 1;
				VALIDATE_PRODUCT = YES;
			};
			name = Release;
		};
		BB000000000000000000A2 /* Debug */ = {
			isa = XCBuildConfiguration;
			buildSettings = {
				ASSETCATALOG_COMPILER_APPICON_NAME = AppIconMac;
				CLANG_CXX_LANGUAGE_STANDARD = "gnu++17";
				ARCHS = arm64;
				CODE_SIGN_ENTITLEMENTS = RommAppMac/CabinetMac.entitlements;
				CODE_SIGN_STYLE = Automatic;
				CURRENT_PROJECT_VERSION = 2;
				DERIVE_MACCATALYST_PRODUCT_BUNDLE_IDENTIFIER = NO;
				DEVELOPMENT_TEAM = 53MUTM55LC;
				EXCLUDED_SOURCE_FILE_NAMES = (
					"*_ios.a",
					"*_tvos.a",
				);
				FRAMEWORK_SEARCH_PATHS = "$(PROJECT_DIR)/Vendor/ANGLE/mac";
				GCC_PREPROCESSOR_DEFINITIONS = (
					"$(inherited)",
					"CABINET_ANGLE=1",
				);
				GENERATE_INFOPLIST_FILE = YES;
				HEADER_SEARCH_PATHS = (
					"$(PROJECT_DIR)/RommApp/Native/Libretro",
					"$(PROJECT_DIR)/RommApp/Native/FBNeo",
					"$(PROJECT_DIR)/RommApp/Native/Saturn",
					"$(PROJECT_DIR)/RommApp/Native/Gambatte",
					"$(PROJECT_DIR)/RommApp/Native/MGBA",
					"$(PROJECT_DIR)/RommApp/Native/GenesisPlusGX",
					"$(PROJECT_DIR)/RommApp/Native/BeetlePCEFast",
					"$(PROJECT_DIR)/RommApp/Native/Snes9x",
					"$(PROJECT_DIR)/RommApp/Native/FCEUmm",
					"$(PROJECT_DIR)/RommApp/Native/BeetleNGP",
					"$(PROJECT_DIR)/RommApp/Native/ProSystem",
					"$(PROJECT_DIR)/RommApp/Native/PicoDrive",
					"$(PROJECT_DIR)/RommApp/Native/PCSXReARMed",
					"$(PROJECT_DIR)/RommApp/Native/Archive",
					"$(PROJECT_DIR)/Vendor/ANGLE/include",
				);
				INFOPLIST_FILE = Info.plist;
				INFOPLIST_KEY_CFBundleDisplayName = "Cabinet Dev";
				INFOPLIST_KEY_GCSupportsControllerUserInteraction = YES;
				INFOPLIST_KEY_ITSAppUsesNonExemptEncryption = NO;
				INFOPLIST_KEY_UIApplicationSceneManifest_Generation = NO;
				INFOPLIST_KEY_NSSupportsLiveActivities = YES;
				INFOPLIST_KEY_UILaunchScreen_Generation = YES;
				LD_RUNPATH_SEARCH_PATHS = (
					"$(inherited)",
					"@executable_path/Frameworks",
				);
				LIBRARY_SEARCH_PATHS = (
					"$(inherited)",
					"$(PROJECT_DIR)/RommApp/Native/BeetleNGP",
					"$(PROJECT_DIR)/RommApp/Native/BeetlePCEFast",
					"$(PROJECT_DIR)/RommApp/Native/BeetleVB",
					"$(PROJECT_DIR)/RommApp/Native/FBNeo",
					"$(PROJECT_DIR)/RommApp/Native/FCEUmm",
					"$(PROJECT_DIR)/RommApp/Native/Flycast",
					"$(PROJECT_DIR)/RommApp/Native/Gambatte",
					"$(PROJECT_DIR)/RommApp/Native/GenesisPlusGX",
					"$(PROJECT_DIR)/RommApp/Native/GW",
					"$(PROJECT_DIR)/RommApp/Native/MAME2003Plus",
					"$(PROJECT_DIR)/RommApp/Native/MelonDS",
					"$(PROJECT_DIR)/RommApp/Native/MGBA",
					"$(PROJECT_DIR)/RommApp/Native/Mupen64Plus",
					"$(PROJECT_DIR)/RommApp/Native/Opera",
					"$(PROJECT_DIR)/RommApp/Native/PCSXReARMed",
					"$(PROJECT_DIR)/RommApp/Native/PicoDrive",
					"$(PROJECT_DIR)/RommApp/Native/PPSSPP",
					"$(PROJECT_DIR)/RommApp/Native/ProSystem",
					"$(PROJECT_DIR)/RommApp/Native/Saturn",
					"$(PROJECT_DIR)/RommApp/Native/Snes9x",
					"$(PROJECT_DIR)/RommApp/Native/Stella2014",
					"$(PROJECT_DIR)/RommApp/Native/Vecx",
					"$(PROJECT_DIR)/RommApp/Native/VeMUlator",
				);
				MARKETING_VERSION = 1.0.1;
				OTHER_LDFLAGS = (
					"-lz",
					"-lc++",
					"-framework",
					libEGL,
					"-framework",
					libGLESv2,
					"-framework",
					Metal,
					"-framework",
					QuartzCore,
					"-framework",
					AVFoundation,
					"-framework",
					CoreMedia,
					"-framework",
					IOKit,
					"-framework",
					MetalFX,
					"-lcurl",
					"-lpcap",
					"-lbz2",
					"-liconv",
					"-lresolv",
				);
				PRODUCT_BUNDLE_IDENTIFIER = com.prjoni99.CabinetDev.mac;
				PRODUCT_NAME = "Cabinet Mac";
				SDKROOT = iphoneos;
				SUPPORTS_MACCATALYST = YES;
				SUPPORTS_MAC_DESIGNED_FOR_IPHONE_IPAD = NO;
				SWIFT_ACTIVE_COMPILATION_CONDITIONS = "DEBUG $(inherited)";
				SWIFT_EMIT_LOC_STRINGS = YES;
				SWIFT_OBJC_BRIDGING_HEADER = "RommApp/Native/RommApp-Bridging-Header.h";
				SWIFT_VERSION = 5.0;
				TARGETED_DEVICE_FAMILY = "1,2";
				"TARGETED_DEVICE_FAMILY[sdk=macosx*]" = 6;
			};
			name = Debug;
		};
		BB000000000000000000A3 /* Release */ = {
			isa = XCBuildConfiguration;
			buildSettings = {
				ASSETCATALOG_COMPILER_APPICON_NAME = AppIconMac;
				CLANG_CXX_LANGUAGE_STANDARD = "gnu++17";
				ARCHS = arm64;
				CODE_SIGN_ENTITLEMENTS = RommAppMac/CabinetMac.entitlements;
				CODE_SIGN_STYLE = Automatic;
				CURRENT_PROJECT_VERSION = 2;
				DERIVE_MACCATALYST_PRODUCT_BUNDLE_IDENTIFIER = NO;
				DEVELOPMENT_TEAM = 53MUTM55LC;
				EXCLUDED_SOURCE_FILE_NAMES = (
					"*_ios.a",
					"*_tvos.a",
				);
				FRAMEWORK_SEARCH_PATHS = "$(PROJECT_DIR)/Vendor/ANGLE/mac";
				GCC_PREPROCESSOR_DEFINITIONS = (
					"$(inherited)",
					"CABINET_ANGLE=1",
				);
				GENERATE_INFOPLIST_FILE = YES;
				HEADER_SEARCH_PATHS = (
					"$(PROJECT_DIR)/RommApp/Native/Libretro",
					"$(PROJECT_DIR)/RommApp/Native/FBNeo",
					"$(PROJECT_DIR)/RommApp/Native/Saturn",
					"$(PROJECT_DIR)/RommApp/Native/Gambatte",
					"$(PROJECT_DIR)/RommApp/Native/MGBA",
					"$(PROJECT_DIR)/RommApp/Native/GenesisPlusGX",
					"$(PROJECT_DIR)/RommApp/Native/BeetlePCEFast",
					"$(PROJECT_DIR)/RommApp/Native/Snes9x",
					"$(PROJECT_DIR)/RommApp/Native/FCEUmm",
					"$(PROJECT_DIR)/RommApp/Native/BeetleNGP",
					"$(PROJECT_DIR)/RommApp/Native/ProSystem",
					"$(PROJECT_DIR)/RommApp/Native/PicoDrive",
					"$(PROJECT_DIR)/RommApp/Native/PCSXReARMed",
					"$(PROJECT_DIR)/RommApp/Native/Archive",
					"$(PROJECT_DIR)/Vendor/ANGLE/include",
				);
				INFOPLIST_FILE = Info.plist;
				INFOPLIST_KEY_CFBundleDisplayName = Cabinet;
				INFOPLIST_KEY_GCSupportsControllerUserInteraction = YES;
				INFOPLIST_KEY_ITSAppUsesNonExemptEncryption = NO;
				INFOPLIST_KEY_UIApplicationSceneManifest_Generation = NO;
				INFOPLIST_KEY_NSSupportsLiveActivities = YES;
				INFOPLIST_KEY_UILaunchScreen_Generation = YES;
				LD_RUNPATH_SEARCH_PATHS = (
					"$(inherited)",
					"@executable_path/Frameworks",
				);
				LIBRARY_SEARCH_PATHS = (
					"$(inherited)",
					"$(PROJECT_DIR)/RommApp/Native/BeetleNGP",
					"$(PROJECT_DIR)/RommApp/Native/BeetlePCEFast",
					"$(PROJECT_DIR)/RommApp/Native/BeetleVB",
					"$(PROJECT_DIR)/RommApp/Native/FBNeo",
					"$(PROJECT_DIR)/RommApp/Native/FCEUmm",
					"$(PROJECT_DIR)/RommApp/Native/Flycast",
					"$(PROJECT_DIR)/RommApp/Native/Gambatte",
					"$(PROJECT_DIR)/RommApp/Native/GenesisPlusGX",
					"$(PROJECT_DIR)/RommApp/Native/GW",
					"$(PROJECT_DIR)/RommApp/Native/MAME2003Plus",
					"$(PROJECT_DIR)/RommApp/Native/MelonDS",
					"$(PROJECT_DIR)/RommApp/Native/MGBA",
					"$(PROJECT_DIR)/RommApp/Native/Mupen64Plus",
					"$(PROJECT_DIR)/RommApp/Native/Opera",
					"$(PROJECT_DIR)/RommApp/Native/PCSXReARMed",
					"$(PROJECT_DIR)/RommApp/Native/PicoDrive",
					"$(PROJECT_DIR)/RommApp/Native/PPSSPP",
					"$(PROJECT_DIR)/RommApp/Native/ProSystem",
					"$(PROJECT_DIR)/RommApp/Native/Saturn",
					"$(PROJECT_DIR)/RommApp/Native/Snes9x",
					"$(PROJECT_DIR)/RommApp/Native/Stella2014",
					"$(PROJECT_DIR)/RommApp/Native/Vecx",
					"$(PROJECT_DIR)/RommApp/Native/VeMUlator",
				);
				MARKETING_VERSION = 1.0.1;
				OTHER_LDFLAGS = (
					"-lz",
					"-lc++",
					"-framework",
					libEGL,
					"-framework",
					libGLESv2,
					"-framework",
					Metal,
					"-framework",
					QuartzCore,
					"-framework",
					AVFoundation,
					"-framework",
					CoreMedia,
					"-framework",
					IOKit,
					"-framework",
					MetalFX,
					"-lcurl",
					"-lpcap",
					"-lbz2",
					"-liconv",
					"-lresolv",
				);
				PRODUCT_BUNDLE_IDENTIFIER = com.prjoni99.Cabinet.mac;
				PRODUCT_NAME = "Cabinet Mac";
				SDKROOT = iphoneos;
				SUPPORTS_MACCATALYST = YES;
				SUPPORTS_MAC_DESIGNED_FOR_IPHONE_IPAD = NO;
				SWIFT_ACTIVE_COMPILATION_CONDITIONS = "$(inherited)";
				SWIFT_EMIT_LOC_STRINGS = YES;
				SWIFT_OBJC_BRIDGING_HEADER = "RommApp/Native/RommApp-Bridging-Header.h";
				SWIFT_VERSION = 5.0;
				TARGETED_DEVICE_FAMILY = "1,2";
				"TARGETED_DEVICE_FAMILY[sdk=macosx*]" = 6;
			};
			name = Release;
		};
		F79B1708F32E796D92796E0D /* Debug */ = {
			isa = XCBuildConfiguration;
			buildSettings = {
				ASSETCATALOG_COMPILER_APPICON_NAME = AppIcon;
				CLANG_CXX_LANGUAGE_STANDARD = "gnu++17";
				CODE_SIGN_ENTITLEMENTS = RommAppTV/RommAppTV.entitlements;
				CODE_SIGN_STYLE = Automatic;
				CURRENT_PROJECT_VERSION = 14;
				DEVELOPMENT_TEAM = 53MUTM55LC;
				ENABLE_PREVIEWS = YES;
				EXCLUDED_SOURCE_FILE_NAMES = "*_mac.a";
				"EXCLUDED_SOURCE_FILE_NAMES[sdk=appletvsimulator*]" = (
					"*_mac.a",
					"*_tvos.a",
					"*Core.mm",
				);
				"FRAMEWORK_SEARCH_PATHS[sdk=appletvos*]" = "$(PROJECT_DIR)/Vendor/ANGLE/tvos";
				"GCC_PREPROCESSOR_DEFINITIONS[sdk=appletvos*]" = (
					"$(inherited)",
					"CABINET_ANGLE=1",
				);
				GENERATE_INFOPLIST_FILE = YES;
				HEADER_SEARCH_PATHS = (
					"$(inherited)",
					"$(PROJECT_DIR)/Vendor/ANGLE/include",
				);
				INFOPLIST_FILE = RommAppTV/Info.plist;
				INFOPLIST_KEY_CFBundleDisplayName = "Cabinet TV Dev";
				INFOPLIST_KEY_GCSupportsControllerUserInteraction = YES;
				INFOPLIST_KEY_ITSAppUsesNonExemptEncryption = NO;
				INFOPLIST_KEY_UIApplicationSceneManifest_Generation = YES;
				INFOPLIST_KEY_UILaunchScreen_Generation = YES;
				LD_RUNPATH_SEARCH_PATHS = (
					"$(inherited)",
					"@executable_path/Frameworks",
				);
				LIBRARY_SEARCH_PATHS = (
					"$(inherited)",
					"$(PROJECT_DIR)/RommApp/Native/BeetleNGP",
					"$(PROJECT_DIR)/RommApp/Native/BeetlePCEFast",
					"$(PROJECT_DIR)/RommApp/Native/FBNeo",
					"$(PROJECT_DIR)/RommApp/Native/FCEUmm",
					"$(PROJECT_DIR)/RommApp/Native/Gambatte",
					"$(PROJECT_DIR)/RommApp/Native/GenesisPlusGX",
					"$(PROJECT_DIR)/RommApp/Native/MGBA",
					"$(PROJECT_DIR)/RommApp/Native/PCSXReARMed",
					"$(PROJECT_DIR)/RommApp/Native/PicoDrive",
					"$(PROJECT_DIR)/RommApp/Native/ProSystem",
					"$(PROJECT_DIR)/RommApp/Native/Saturn",
					"$(PROJECT_DIR)/RommApp/Native/Snes9x",
					"$(PROJECT_DIR)/RommApp/Native/Flycast",
					"$(PROJECT_DIR)/RommApp/Native/Mupen64Plus",
					"$(PROJECT_DIR)/RommApp/Native/MAME2003Plus",
					"$(PROJECT_DIR)/RommApp/Native/Vecx",
					"$(PROJECT_DIR)/RommApp/Native/Stella2014",
					"$(PROJECT_DIR)/RommApp/Native/Opera",
					"$(PROJECT_DIR)/RommApp/Native/BeetleVB",
					"$(PROJECT_DIR)/RommApp/Native/MelonDS",
					"$(PROJECT_DIR)/RommApp/Native/PPSSPP",
					"$(PROJECT_DIR)/RommApp/Native/GW",
					"$(PROJECT_DIR)/RommApp/Native/VeMUlator",
				);
				MARKETING_VERSION = 1.0.1;
				OTHER_LDFLAGS = "-lz";
				"OTHER_LDFLAGS[sdk=appletvos*]" = (
					"-lz",
					"-framework",
					libEGL,
					"-framework",
					libGLESv2,
				);
				PRODUCT_BUNDLE_IDENTIFIER = com.prjoni99.CabinetDev.tv;
				PRODUCT_NAME = "Cabinet TV";
				SDKROOT = appletvos;
				SWIFT_EMIT_LOC_STRINGS = YES;
				SWIFT_OBJC_BRIDGING_HEADER = "RommAppTV/RommAppTV-Bridging-Header.h";
				SWIFT_VERSION = 5.0;
				TARGETED_DEVICE_FAMILY = 3;
				TVOS_DEPLOYMENT_TARGET = 18.0;
			};
			name = Debug;
		};
/* End XCBuildConfiguration section */

/* Begin XCConfigurationList section */
		04B7F005F23F5849B1175D45 /* Build configuration list for PBXNativeTarget "RommAppTV" */ = {
			isa = XCConfigurationList;
			buildConfigurations = (
				B25B711D6693BBC3E95729DF /* Release */,
				F79B1708F32E796D92796E0D /* Debug */,
			);
			defaultConfigurationIsVisible = 0;
			defaultConfigurationName = Release;
		};
		BB00000000000000000009 /* Build configuration list for PBXProject "RommApp" */ = {
			isa = XCConfigurationList;
			buildConfigurations = (
				BB0000000000000000000B /* Debug */,
				BB0000000000000000000C /* Release */,
			);
			defaultConfigurationIsVisible = 0;
			defaultConfigurationName = Release;
		};
		BB0000000000000000000A /* Build configuration list for PBXNativeTarget "RommApp" */ = {
			isa = XCConfigurationList;
			buildConfigurations = (
				BB0000000000000000000D /* Debug */,
				BB0000000000000000000E /* Release */,
			);
			defaultConfigurationIsVisible = 0;
			defaultConfigurationName = Release;
		};
		BB00000000000000000014 /* Build configuration list for PBXNativeTarget "LayoutEditor" */ = {
			isa = XCConfigurationList;
			buildConfigurations = (
				BB00000000000000000015 /* Debug */,
				BB00000000000000000016 /* Release */,
			);
			defaultConfigurationIsVisible = 0;
			defaultConfigurationName = Release;
		};
		BB0000000000000000002B /* Build configuration list for PBXNativeTarget "CabinetTopShelf" */ = {
			isa = XCConfigurationList;
			buildConfigurations = (
				BB0000000000000000002E /* Release */,
				BB0000000000000000002D /* Debug */,
			);
			defaultConfigurationIsVisible = 0;
			defaultConfigurationName = Release;
		};
		BB0000000000000000005F /* Build configuration list for PBXNativeTarget "CabinetWidget" */ = {
			isa = XCConfigurationList;
			buildConfigurations = (
				BB00000000000000000062 /* Release */,
				BB00000000000000000061 /* Debug */,
			);
			defaultConfigurationIsVisible = 0;
			defaultConfigurationName = Release;
		};
		BB000000000000000000A1 /* Build configuration list for PBXNativeTarget "RommAppMac" */ = {
			isa = XCConfigurationList;
			buildConfigurations = (
				BB000000000000000000A2 /* Debug */,
				BB000000000000000000A3 /* Release */,
			);
			defaultConfigurationIsVisible = 0;
			defaultConfigurationName = Release;
		};
/* End XCConfigurationList section */
	};
	rootObject = BB00000000000000000001 /* Project object */;
}
